
Microsoft Visual Studio Solution File, Format Version 12.00
# Visual Studio Version 16
VisualStudioVersion = 16.0.29215.179
MinimumVisualStudioVersion = 10.0.40219.1
Project("{FAE04EC0-301F-11D3-BF4B-00C04F79EFBC}") = "WindowsFormsApp1", "WindowsFormsApp1\WindowsFormsApp1.csproj", "{0341C520-66DA-4FAD-8346-66DFA17ECBF8}"
EndProject
Project("{FAE04EC0-301F-11D3-BF4B-00C04F79EFBC}") = "ClassLibrary2", "ClassLibrary2\ClassLibrary2.csproj", "{7944FA52-F27E-4DC5-84ED-3975A330E541}"
EndProject
Global
	GlobalSection(SolutionConfigurationPlatforms) = preSolution
		Debug|Any CPU = Debug|Any CPU
		Release|Any CPU = Release|Any CPU
	EndGlobalSection
	GlobalSection(ProjectConfigurationPlatforms) = postSolution
		{0341C520-66DA-4FAD-8346-66DFA17ECBF8}.Debug|Any CPU.ActiveCfg = Debug|Any CPU
		{0341C520-66DA-4FAD-8346-66DFA17ECBF8}.Debug|Any CPU.Build.0 = Debug|Any CPU
		{0341C520-66DA-4FAD-8346-66DFA17ECBF8}.Release|Any CPU.ActiveCfg = Release|Any CPU
		{0341C520-66DA-4FAD-8346-66DFA17ECBF8}.Release|Any CPU.Build.0 = Release|Any CPU
		{7944FA52-F27E-4DC5-84ED-3975A330E541}.Debug|Any CPU.ActiveCfg = Debug|Any CPU
		{7944FA52-F27E-4DC5-84ED-3975A330E541}.Debug|Any CPU.Build.0 = Debug|Any CPU
		{7944FA52-F27E-4DC5-84ED-3975A330E541}.Release|Any CPU.ActiveCfg = Release|Any CPU
		{7944FA52-F27E-4DC5-84ED-3975A330E541}.Release|Any CPU.Build.0 = Release|Any CPU
	EndGlobalSection
	GlobalSection(SolutionProperties) = preSolution
		HideSolutionNode = FALSE
	EndGlobalSection
	GlobalSection(ExtensibilityGlobals) = postSolution
		SolutionGuid = {B4A246B4-8CB9-4D77-989B-9D3210AFCD8B}
	EndGlobalSection
EndGlobal
